
Microsoft Visual Studio Solution File, Format Version 12.00
# Visual Studio Express 2013 for Windows Desktop
VisualStudioVersion = 12.0.31101.0
MinimumVisualStudioVersion = 10.0.40219.1
Project("{FAE04EC0-301F-11D3-BF4B-00C04F79EFBC}") = "XP10-multi", "XP10-multi.csproj", "{DD37A508-E565-4436-ABAB-6C7410EF0E82}"
EndProject
Global
	GlobalSection(SolutionConfigurationPlatforms) = preSolution
		Debug|Any CPU = Debug|Any CPU
		Release|Any CPU = Release|Any CPU
	EndGlobalSection
	GlobalSection(ProjectConfigurationPlatforms) = postSolution
		{DD37A508-E565-4436-ABAB-6C7410EF0E82}.Debug|Any CPU.ActiveCfg = Debug|Any CPU
		{DD37A508-E565-4436-ABAB-6C7410EF0E82}.Debug|Any CPU.Build.0 = Debug|Any CPU
		{DD37A508-E565-4436-ABAB-6C7410EF0E82}.Release|Any CPU.ActiveCfg = Release|Any CPU
		{DD37A508-E565-4436-ABAB-6C7410EF0E82}.Release|Any CPU.Build.0 = Release|Any CPU
	EndGlobalSection
	GlobalSection(SolutionProperties) = preSolution
		HideSolutionNode = FALSE
	EndGlobalSection
EndGlobal
